// !$*UTF8*$!
{
	archiveVersion = 1;
	classes = {
	};
	objectVersion = 46;
	objects = {

/* Begin PBXBuildFile section */
		8A3150BB1D0BE4EE00E054C5 /* AppDelegate.swift in Sources */ = {isa = PBXBuildFile; fileRef = 8A3150BA1D0BE4EE00E054C5 /* AppDelegate.swift */; };
		8A3150BD1D0BE4EE00E054C5 /* ViewController.swift in Sources */ = {isa = PBXBuildFile; fileRef = 8A3150BC1D0BE4EE00E054C5 /* ViewController.swift */; };
		8A3150C01D0BE4EE00E054C5 /* Main.storyboard in Resources */ = {isa = PBXBuildFile; fileRef = 8A3150BE1D0BE4EE00E054C5 /* Main.storyboard */; };
		8A3150C21D0BE4EE00E054C5 /* Assets.xcassets in Resources */ = {isa = PBXBuildFile; fileRef = 8A3150C11D0BE4EE00E054C5 /* Assets.xcassets */; };
		8A3150C51D0BE4EE00E054C5 /* LaunchScreen.storyboard in Resources */ = {isa = PBXBuildFile; fileRef = 8A3150C31D0BE4EE00E054C5 /* LaunchScreen.storyboard */; };
		8A3150D01D0BE4EE00E054C5 /* swiftpracticeTests.swift in Sources */ = {isa = PBXBuildFile; fileRef = 8A3150CF1D0BE4EE00E054C5 /* swiftpracticeTests.swift */; };
		8A3150DB1D0BE4EE00E054C5 /* swiftpracticeUITests.swift in Sources */ = {isa = PBXBuildFile; fileRef = 8A3150DA1D0BE4EE00E054C5 /* swiftpracticeUITests.swift */; };
/* End PBXBuildFile section */

/* Begin PBXContainerItemProxy section */
		8A3150CC1D0BE4EE00E054C5 /* PBXContainerItemProxy */ = {
			isa = PBXContainerItemProxy;
			containerPortal = 8A3150AF1D0BE4EE00E054C5 /* Project object */;
			proxyType = 1;
			remoteGlobalIDString = 8A3150B61D0BE4EE00E054C5;
			remoteInfo = swiftpractice;
		};
		8A3150D71D0BE4EE00E054C5 /* PBXContainerItemProxy */ = {
			isa = PBXContainerItemProxy;
			containerPortal = 8A3150AF1D0BE4EE00E054C5 /* Project object */;
			proxyType = 1;
			remoteGlobalIDString = 8A3150B61D0BE4EE00E054C5;
			remoteInfo = swiftpractice;
		};
/* End PBXContainerItemProxy section */

/* Begin PBXFileReference section */
		8A3150B71D0BE4EE00E054C5 /* swiftpractice.app */ = {isa = PBXFileReference; explicitFileType = wrapper.application; includeInIndex = 0; path = swiftpractice.app; sourceTree = BUILT_PRODUCTS_DIR; };
		8A3150BA1D0BE4EE00E054C5 /* AppDelegate.swift */ = {isa = PBXFileReference; lastKnownFileType = sourcecode.swift; path = AppDelegate.swift; sourceTree = "<group>"; };
		8A3150BC1D0BE4EE00E054C5 /* ViewController.swift */ = {isa = PBXFileReference; lastKnownFileType = sourcecode.swift; path = ViewController.swift; sourceTree = "<group>"; };
		8A3150BF1D0BE4EE00E054C5 /* Base */ = {isa = PBXFileReference; lastKnownFileType = file.storyboard; name = Base; path = Base.lproj/Main.storyboard; sourceTree = "<group>"; };
		8A3150C11D0BE4EE00E054C5 /* Assets.xcassets */ = {isa = PBXFileReference; lastKnownFileType = folder.assetcatalog; path = Assets.xcassets; sourceTree = "<group>"; };
		8A3150C41D0BE4EE00E054C5 /* Base */ = {isa = PBXFileReference; lastKnownFileType = file.storyboard; name = Base; path = Base.lproj/LaunchScreen.storyboard; sourceTree = "<group>"; };
		8A3150C61D0BE4EE00E054C5 /* Info.plist */ = {isa = PBXFileReference; lastKnownFileType = text.plist.xml; path = Info.plist; sourceTree = "<group>"; };
		8A3150CB1D0BE4EE00E054C5 /* swiftpracticeTests.xctest */ = {isa = PBXFileReference; explicitFileType = wrapper.cfbundle; includeInIndex = 0; path = swiftpracticeTests.xctest; sourceTree = BUILT_PRODUCTS_DIR; };
		8A3150CF1D0BE4EE00E054C5 /* swiftpracticeTests.swift */ = {isa = PBXFileReference; lastKnownFileType = sourcecode.swift; path = swiftpracticeTests.swift; sourceTree = "<group>"; };
		8A3150D11D0BE4EE00E054C5 /* Info.plist */ = {isa = PBXFileReference; lastKnownFileType = text.plist.xml; path = Info.plist; sourceTree = "<group>"; };
		8A3150D61D0BE4EE00E054C5 /* swiftpracticeUITests.xctest */ = {isa = PBXFileReference; explicitFileType = wrapper.cfbundle; includeInIndex = 0; path = swiftpracticeUITests.xctest; sourceTree = BUILT_PRODUCTS_DIR; };
		8A3150DA1D0BE4EE00E054C5 /* swiftpracticeUITests.swift */ = {isa = PBXFileReference; lastKnownFileType = sourcecode.swift; path = swiftpracticeUITests.swift; sourceTree = "<group>"; };
		8A3150DC1D0BE4EE00E054C5 /* Info.plist */ = {isa = PBXFileReference; lastKnownFileType = text.plist.xml; path = Info.plist; sourceTree = "<group>"; };
		8A846A641D12BC2D0041CB04 /* MyPlayground.playground */ = {isa = PBXFileReference; lastKnownFileType = file.playground; path = MyPlayground.playground; sourceTree = "<group>"; };
/* End PBXFileReference section */

/* Begin PBXFrameworksBuildPhase section */
		8A3150B41D0BE4EE00E054C5 /* Frameworks */ = {
			isa = PBXFrameworksBuildPhase;
			buildActionMask = 2147483647;
			files = (
			);
			runOnlyForDeploymentPostprocessing = 0;
		};
		8A3150C81D0BE4EE00E054C5 /* Frameworks */ = {
			isa = PBXFrameworksBuildPhase;
			buildActionMask = 2147483647;
			files = (
			);
			runOnlyForDeploymentPostprocessing = 0;
		};
		8A3150D31D0BE4EE00E054C5 /* Frameworks */ = {
			isa = PBXFrameworksBuildPhase;
			buildActionMask = 2147483647;
			files = (
			);
			runOnlyForDeploymentPostprocessing = 0;
		};
/* End PBXFrameworksBuildPhase section */

/* Begin PBXGroup section */
		8A3150AE1D0BE4EE00E054C5 = {
			isa = PBXGroup;
			children = (
				8A3150B91D0BE4EE00E054C5 /* swiftpractice */,
				8A3150CE1D0BE4EE00E054C5 /* swiftpracticeTests */,
				8A3150D91D0BE4EE00E054C5 /* swiftpracticeUITests */,
				8A3150B81D0BE4EE00E054C5 /* Products */,
			);
			sourceTree = "<group>";
		};
		8A3150B81D0BE4EE00E054C5 /* Products */ = {
			isa = PBXGroup;
			children = (
				8A3150B71D0BE4EE00E054C5 /* swiftpractice.app */,
				8A3150CB1D0BE4EE00E054C5 /* swiftpracticeTests.xctest */,
				8A3150D61D0BE4EE00E054C5 /* swiftpracticeUITests.xctest */,
			);
			name = Products;
			sourceTree = "<group>";
		};
		8A3150B91D0BE4EE00E054C5 /* swiftpractice */ = {
			isa = PBXGroup;
			children = (
				8A3150BA1D0BE4EE00E054C5 /* AppDelegate.swift */,
				8A3150BC1D0BE4EE00E054C5 /* ViewController.swift */,
				8A3150BE1D0BE4EE00E054C5 /* Main.storyboard */,
				8A3150C11D0BE4EE00E054C5 /* Assets.xcassets */,
				8A3150C31D0BE4EE00E054C5 /* LaunchScreen.storyboard */,
				8A3150C61D0BE4EE00E054C5 /* Info.plist */,
				8A846A641D12BC2D0041CB04 /* MyPlayground.playground */,
			);
			path = swiftpractice;
			sourceTree = "<group>";
		};
		8A3150CE1D0BE4EE00E054C5 /* swiftpracticeTests */ = {
			isa = PBXGroup;
			children = (
				8A3150CF1D0BE4EE00E054C5 /* swiftpracticeTests.swift */,
				8A3150D11D0BE4EE00E054C5 /* Info.plist */,
			);
			path = swiftpracticeTests;
			sourceTree = "<group>";
		};
		8A3150D91D0BE4EE00E054C5 /* swiftpracticeUITests */ = {
			isa = PBXGroup;
			children = (
				8A3150DA1D0BE4EE00E054C5 /* swiftpracticeUITests.swift */,
				8A3150DC1D0BE4EE00E054C5 /* Info.plist */,
			);
			path = swiftpracticeUITests;
			sourceTree = "<group>";
		};
/* End PBXGroup section */

/* Begin PBXNativeTarget section */
		8A3150B61D0BE4EE00E054C5 /* swiftpractice */ = {
			isa = PBXNativeTarget;
			buildConfigurationList = 8A3150DF1D0BE4EE00E054C5 /* Build configuration list for PBXNativeTarget "swiftpractice" */;
			buildPhases = (
				8A3150B31D0BE4EE00E054C5 /* Sources */,
				8A3150B41D0BE4EE00E054C5 /* Frameworks */,
				8A3150B51D0BE4EE00E054C5 /* Resources */,
			);
			buildRules = (
			);
			dependencies = (
			);
			name = swiftpractice;
			productName = swiftpractice;
			productReference = 8A3150B71D0BE4EE00E054C5 /* swiftpractice.app */;
			productType = "com.apple.product-type.application";
		};
		8A3150CA1D0BE4EE00E054C5 /* swiftpracticeTests */ = {
			isa = PBXNativeTarget;
			buildConfigurationList = 8A3150E21D0BE4EE00E054C5 /* Build configuration list for PBXNativeTarget "swiftpracticeTests" */;
			buildPhases = (
				8A3150C71D0BE4EE00E054C5 /* Sources */,
				8A3150C81D0BE4EE00E054C5 /* Frameworks */,
				8A3150C91D0BE4EE00E054C5 /* Resources */,
			);
			buildRules = (
			);
			dependencies = (
				8A3150CD1D0BE4EE00E054C5 /* PBXTargetDependency */,
			);
			name = swiftpracticeTests;
			productName = swiftpracticeTests;
			productReference = 8A3150CB1D0BE4EE00E054C5 /* swiftpracticeTests.xctest */;
			productType = "com.apple.product-type.bundle.unit-test";
		};
		8A3150D51D0BE4EE00E054C5 /* swiftpracticeUITests */ = {
			isa = PBXNativeTarget;
			buildConfigurationList = 8A3150E51D0BE4EE00E054C5 /* Build configuration list for PBXNativeTarget "swiftpracticeUITests" */;
			buildPhases = (
				8A3150D21D0BE4EE00E054C5 /* Sources */,
				8A3150D31D0BE4EE00E054C5 /* Frameworks */,
				8A3150D41D0BE4EE00E054C5 /* Resources */,
			);
			buildRules = (
			);
			dependencies = (
				8A3150D81D0BE4EE00E054C5 /* PBXTargetDependency */,
			);
			name = swiftpracticeUITests;
			productName = swiftpracticeUITests;
			productReference = 8A3150D61D0BE4EE00E054C5 /* swiftpracticeUITests.xctest */;
			productType = "com.apple.product-type.bundle.ui-testing";
		};
/* End PBXNativeTarget section */

/* Begin PBXProject section */
		8A3150AF1D0BE4EE00E054C5 /* Project object */ = {
			isa = PBXProject;
			attributes = {
				LastSwiftUpdateCheck = 0730;
				LastUpgradeCheck = 0730;
				ORGANIZATIONNAME = kotaro;
				TargetAttributes = {
					8A3150B61D0BE4EE00E054C5 = {
						CreatedOnToolsVersion = 7.3.1;
					};
					8A3150CA1D0BE4EE00E054C5 = {
						CreatedOnToolsVersion = 7.3.1;
						TestTargetID = 8A3150B61D0BE4EE00E054C5;
					};
					8A3150D51D0BE4EE00E054C5 = {
						CreatedOnToolsVersion = 7.3.1;
						TestTargetID = 8A3150B61D0BE4EE00E054C5;
					};
				};
			};
			buildConfigurationList = 8A3150B21D0BE4EE00E054C5 /* Build configuration list for PBXProject "swiftpractice" */;
			compatibilityVersion = "Xcode 3.2";
			developmentRegion = English;
			hasScannedForEncodings = 0;
			knownRegions = (
				en,
				Base,
			);
			mainGroup = 8A3150AE1D0BE4EE00E054C5;
			productRefGroup = 8A3150B81D0BE4EE00E054C5 /* Products */;
			projectDirPath = "";
			projectRoot = "";
			targets = (
				8A3150B61D0BE4EE00E054C5 /* swiftpractice */,
				8A3150CA1D0BE4EE00E054C5 /* swiftpracticeTests */,
				8A3150D51D0BE4EE00E054C5 /* swiftpracticeUITests */,
			);
		};
/* End PBXProject section */

/* Begin PBXResourcesBuildPhase section */
		8A3150B51D0BE4EE00E054C5 /* Resources */ = {
			isa = PBXResourcesBuildPhase;
			buildActionMask = 2147483647;
			files = (
				8A3150C51D0BE4EE00E054C5 /* LaunchScreen.storyboard in Resources */,
				8A3150C21D0BE4EE00E054C5 /* Assets.xcassets in Resources */,
				8A3150C01D0BE4EE00E054C5 /* Main.storyboard in Resources */,
			);
			runOnlyForDeploymentPostprocessing = 0;
		};
		8A3150C91D0BE4EE00E054C5 /* Resources */ = {
			isa = PBXResourcesBuildPhase;
			buildActionMask = 2147483647;
			files = (
			);
			runOnlyForDeploymentPostprocessing = 0;
		};
		8A3150D41D0BE4EE00E054C5 /* Resources */ = {
			isa = PBXResourcesBuildPhase;
			buildActionMask = 2147483647;
			files = (
			);
			runOnlyForDeploymentPostprocessing = 0;
		};
/* End PBXResourcesBuildPhase section */

/* Begin PBXSourcesBuildPhase section */
		8A3150B31D0BE4EE00E054C5 /* Sources */ = {
			isa = PBXSourcesBuildPhase;
			buildActionMask = 2147483647;
			files = (
				8A3150BD1D0BE4EE00E054C5 /* ViewController.swift in Sources */,
				8A3150BB1D0BE4EE00E054C5 /* AppDelegate.swift in Sources */,
			);
			runOnlyForDeploymentPostprocessing = 0;
		};
		8A3150C71D0BE4EE00E054C5 /* Sources */ = {
			isa = PBXSourcesBuildPhase;
			buildActionMask = 2147483647;
			files = (
				8A3150D01D0BE4EE00E054C5 /* swiftpracticeTests.swift in Sources */,
			);
			runOnlyForDeploymentPostprocessing = 0;
		};
		8A3150D21D0BE4EE00E054C5 /* Sources */ = {
			isa = PBXSourcesBuildPhase;
			buildActionMask = 2147483647;
			files = (
				8A3150DB1D0BE4EE00E054C5 /* swiftpracticeUITests.swift in Sources */,
			);
			runOnlyForDeploymentPostprocessing = 0;
		};
/* End PBXSourcesBuildPhase section */

/* Begin PBXTargetDependency section */
		8A3150CD1D0BE4EE00E054C5 /* PBXTargetDependency */ = {
			isa = PBXTargetDependency;
			target = 8A3150B61D0BE4EE00E054C5 /* swiftpractice */;
			targetProxy = 8A3150CC1D0BE4EE00E054C5 /* PBXContainerItemProxy */;
		};
		8A3150D81D0BE4EE00E054C5 /* PBXTargetDependency */ = {
			isa = PBXTargetDependency;
			target = 8A3150B61D0BE4EE00E054C5 /* swiftpractice */;
			targetProxy = 8A3150D71D0BE4EE00E054C5 /* PBXContainerItemProxy */;
		};
/* End PBXTargetDependency section */

/* Begin PBXVariantGroup section */
		8A3150BE1D0BE4EE00E054C5 /* Main.storyboard */ = {
			isa = PBXVariantGroup;
			children = (
				8A3150BF1D0BE4EE00E054C5 /* Base */,
			);
			name = Main.storyboard;
			sourceTree = "<group>";
		};
		8A3150C31D0BE4EE00E054C5 /* LaunchScreen.storyboard */ = {
			isa = PBXVariantGroup;
			children = (
				8A3150C41D0BE4EE00E054C5 /* Base */,
			);
			name = LaunchScreen.storyboard;
			sourceTree = "<group>";
		};
/* End PBXVariantGroup section */

/* Begin XCBuildConfiguration section */
		8A3150DD1D0BE4EE00E054C5 /* Debug */ = {
			isa = XCBuildConfiguration;
			buildSettings = {
				ALWAYS_SEARCH_USER_PATHS = NO;
				CLANG_ANALYZER_NONNULL = YES;
				CLANG_CXX_LANGUAGE_STANDARD = "gnu++0x";
				CLANG_CXX_LIBRARY = "libc++";
				CLANG_ENABLE_MODULES = YES;
				CLANG_ENABLE_OBJC_ARC = YES;
				CLANG_WARN_BOOL_CONVERSION = YES;
				CLANG_WARN_CONSTANT_CONVERSION = YES;
				CLANG_WARN_DIRECT_OBJC_ISA_USAGE = YES_ERROR;
				CLANG_WARN_EMPTY_BODY = YES;
				CLANG_WARN_ENUM_CONVERSION = YES;
				CLANG_WARN_INT_CONVERSION = YES;
				CLANG_WARN_OBJC_ROOT_CLASS = YES_ERROR;
				CLANG_WARN_UNREACHABLE_CODE = YES;
				CLANG_WARN__DUPLICATE_METHOD_MATCH = YES;
				"CODE_SIGN_IDENTITY[sdk=iphoneos*]" = "iPhone Developer";
				COPY_PHASE_STRIP = NO;
				DEBUG_INFORMATION_FORMAT = dwarf;
				ENABLE_STRICT_OBJC_MSGSEND = YES;
				ENABLE_TESTABILITY = YES;
				GCC_C_LANGUAGE_STANDARD = gnu99;
				GCC_DYNAMIC_NO_PIC = NO;
				GCC_NO_COMMON_BLOCKS = YES;
				GCC_OPTIMIZATION_LEVEL = 0;
				GCC_PREPROCESSOR_DEFINITIONS = (
					"DEBUG=1",
					"$(inherited)",
				);
				GCC_WARN_64_TO_32_BIT_CONVERSION = YES;
				GCC_WARN_ABOUT_RETURN_TYPE = YES_ERROR;
				GCC_WARN_UNDECLARED_SELECTOR = YES;
				GCC_WARN_UNINITIALIZED_AUTOS = YES_AGGRESSIVE;
				GCC_WARN_UNUSED_FUNCTION = YES;
				GCC_WARN_UNUSED_VARIABLE = YES;
				IPHONEOS_DEPLOYMENT_TARGET = 9.3;
				MTL_ENABLE_DEBUG_INFO = YES;
				ONLY_ACTIVE_ARCH = YES;
				SDKROOT = iphoneos;
				SWIFT_OPTIMIZATION_LEVEL = "-Onone";
				TARGETED_DEVICE_FAMILY = "1,2";
			};
			name = Debug;
		};
		8A3150DE1D0BE4EE00E054C5 /* Release */ = {
			isa = XCBuildConfiguration;
			buildSettings = {
				ALWAYS_SEARCH_USER_PATHS = NO;
				CLANG_ANALYZER_NONNULL = YES;
				CLANG_CXX_LANGUAGE_STANDARD = "gnu++0x";
				CLANG_CXX_LIBRARY = "libc++";
				CLANG_ENABLE_MODULES = YES;
				CLANG_ENABLE_OBJC_ARC = YES;
				CLANG_WARN_BOOL_CONVERSION = YES;
				CLANG_WARN_CONSTANT_CONVERSION = YES;
				CLANG_WARN_DIRECT_OBJC_ISA_USAGE = YES_ERROR;
				CLANG_WARN_EMPTY_BODY = YES;
				CLANG_WARN_ENUM_CONVERSION = YES;
				CLANG_WARN_INT_CONVERSION = YES;
				CLANG_WARN_OBJC_ROOT_CLASS = YES_ERROR;
				CLANG_WARN_UNREACHABLE_CODE = YES;
				CLANG_WARN__DUPLICATE_METHOD_MATCH = YES;
				"CODE_SIGN_IDENTITY[sdk=iphoneos*]" = "iPhone Developer";
				COPY_PHASE_STRIP = NO;
				DEBUG_INFORMATION_FORMAT = "dwarf-with-dsym";
				ENABLE_NS_ASSERTIONS = NO;
				ENABLE_STRICT_OBJC_MSGSEND = YES;
				GCC_C_LANGUAGE_STANDARD = gnu99;
				GCC_NO_COMMON_BLOCKS = YES;
				GCC_WARN_64_TO_32_BIT_CONVERSION = YES;
				GCC_WARN_ABOUT_RETURN_TYPE = YES_ERROR;
				GCC_WARN_UNDECLARED_SELECTOR = YES;
				GCC_WARN_UNINITIALIZED_AUTOS = YES_AGGRESSIVE;
				GCC_WARN_UNUSED_FUNCTION = YES;
				GCC_WARN_UNUSED_VARIABLE = YES;
				IPHONEOS_DEPLOYMENT_TARGET = 9.3;
				MTL_ENABLE_DEBUG_INFO = NO;
				SDKROOT = iphoneos;
				TARGETED_DEVICE_FAMILY = "1,2";
				VALIDATE_PRODUCT = YES;
			};
			name = Release;
		};
		8A3150E01D0BE4EE00E054C5 /* Debug */ = {
			isa = XCBuildConfiguration;
			buildSettings = {
				ASSETCATALOG_COMPILER_APPICON_NAME = AppIcon;
				INFOPLIST_FILE = swiftpractice/Info.plist;
				LD_RUNPATH_SEARCH_PATHS = "$(inherited) @executable_path/Frameworks";
				PRODUCT_BUNDLE_IDENTIFIER = com.example.swiftpractice;
				PRODUCT_NAME = "$(TARGET_NAME)";
			};
			name = Debug;
		};
		8A3150E11D0BE4EE00E054C5 /* Release */ = {
			isa = XCBuildConfiguration;
			buildSettings = {
				ASSETCATALOG_COMPILER_APPICON_NAME = AppIcon;
				INFOPLIST_FILE = swiftpractice/Info.plist;
				LD_RUNPATH_SEARCH_PATHS = "$(inherited) @executable_path/Frameworks";
				PRODUCT_BUNDLE_IDENTIFIER = com.example.swiftpractice;
				PRODUCT_NAME = "$(TARGET_NAME)";
			};
			name = Release;
		};
		8A3150E31D0BE4EE00E054C5 /* Debug */ = {
			isa = XCBuildConfiguration;
			buildSettings = {
				BUNDLE_LOADER = "$(TEST_HOST)";
				INFOPLIST_FILE = swiftpracticeTests/Info.plist;
				LD_RUNPATH_SEARCH_PATHS = "$(inherited) @executable_path/Frameworks @loader_path/Frameworks";
				PRODUCT_BUNDLE_IDENTIFIER = com.example.swiftpracticeTests;
				PRODUCT_NAME = "$(TARGET_NAME)";
				TEST_HOST = "$(BUILT_PRODUCTS_DIR)/swiftpractice.app/swiftpractice";
			};
			name = Debug;
		};
		8A3150E41D0BE4EE00E054C5 /* Release */ = {
			isa = XCBuildConfiguration;
			buildSettings = {
				BUNDLE_LOADER = "$(TEST_HOST)";
				INFOPLIST_FILE = swiftpracticeTests/Info.plist;
				LD_RUNPATH_SEARCH_PATHS = "$(inherited) @executable_path/Frameworks @loader_path/Frameworks";
				PRODUCT_BUNDLE_IDENTIFIER = com.example.swiftpracticeTests;
				PRODUCT_NAME = "$(TARGET_NAME)";
				TEST_HOST = "$(BUILT_PRODUCTS_DIR)/swiftpractice.app/swiftpractice";
			};
			name = Release;
		};
		8A3150E61D0BE4EE00E054C5 /* Debug */ = {
			isa = XCBuildConfiguration;
			buildSettings = {
				INFOPLIST_FILE = swiftpracticeUITests/Info.plist;
				LD_RUNPATH_SEARCH_PATHS = "$(inherited) @executable_path/Frameworks @loader_path/Frameworks";
				PRODUCT_BUNDLE_IDENTIFIER = com.example.swiftpracticeUITests;
				PRODUCT_NAME = "$(TARGET_NAME)";
				TEST_TARGET_NAME = swiftpractice;
			};
			name = Debug;
		};
		8A3150E71D0BE4EE00E054C5 /* Release */ = {
			isa = XCBuildConfiguration;
			buildSettings = {
				INFOPLIST_FILE = swiftpracticeUITests/Info.plist;
				LD_RUNPATH_SEARCH_PATHS = "$(inherited) @executable_path/Frameworks @loader_path/Frameworks";
				PRODUCT_BUNDLE_IDENTIFIER = com.example.swiftpracticeUITests;
				PRODUCT_NAME = "$(TARGET_NAME)";
				TEST_TARGET_NAME = swiftpractice;
			};
			name = Release;
		};
/* End XCBuildConfiguration section */

/* Begin XCConfigurationList section */
		8A3150B21D0BE4EE00E054C5 /* Build configuration list for PBXProject "swiftpractice" */ = {
			isa = XCConfigurationList;
			buildConfigurations = (
				8A3150DD1D0BE4EE00E054C5 /* Debug */,
				8A3150DE1D0BE4EE00E054C5 /* Release */,
			);
			defaultConfigurationIsVisible = 0;
			defaultConfigurationName = Release;
		};
		8A3150DF1D0BE4EE00E054C5 /* Build configuration list for PBXNativeTarget "swiftpractice" */ = {
			isa = XCConfigurationList;
			buildConfigurations = (
				8A3150E01D0BE4EE00E054C5 /* Debug */,
				8A3150E11D0BE4EE00E054C5 /* Release */,
			);
			defaultConfigurationIsVisible = 0;
			defaultConfigurationName = Release;
		};
		8A3150E21D0BE4EE00E054C5 /* Build configuration list for PBXNativeTarget "swiftpracticeTests" */ = {
			isa = XCConfigurationList;
			buildConfigurations = (
				8A3150E31D0BE4EE00E054C5 /* Debug */,
				8A3150E41D0BE4EE00E054C5 /* Release */,
			);
			defaultConfigurationIsVisible = 0;
			defaultConfigurationName = Release;
		};
		8A3150E51D0BE4EE00E054C5 /* Build configuration list for PBXNativeTarget "swiftpracticeUITests" */ = {
			isa = XCConfigurationList;
			buildConfigurations = (
				8A3150E61D0BE4EE00E054C5 /* Debug */,
				8A3150E71D0BE4EE00E054C5 /* Release */,
			);
			defaultConfigurationIsVisible = 0;
			defaultConfigurationName = Release;
		};
/* End XCConfigurationList section */
	};
	rootObject = 8A3150AF1D0BE4EE00E054C5 /* Project object */;
}
